{
  "name": "ML AND GEN AI",
  "lockfileVersion": 3,
  "requires": true,
  "packages": {
    "": {
      "dependencies": {
        "anthropic-sdk": "^0.0.1-security"
      }
    },
    "node_modules/anthropic-sdk": {
      "version": "0.0.1-security",
      "resolved": "https://registry.npmjs.org/anthropic-sdk/-/anthropic-sdk-0.0.1-security.tgz",
      "integrity": "sha512-hPkUL6NIQPVZSRLTX1uhiCoU1Lv5Ll88b8lkLLhN7d/tak8diyR6W4OcV5WDutPQ37fZWgO8jB7Gvi0pz5N1aw=="
    }
  }
}
